{
    "name": "datatables.net-select-bs4",
    "version": "1.7.0",
    "lockfileVersion": 3,
    "requires": true,
    "packages": {
        "": {
            "name": "datatables.net-select-bs4",
            "version": "1.7.0",
            "license": "MIT",
            "dependencies": {
                "datatables.net-bs4": ">=1.13.4",
                "datatables.net-select": ">=1.6.2",
                "datatables.net-select-bs4": "file:",
                "jquery": ">=1.7"
            }
        },
        "node_modules/datatables.net": {
            "version": "2.2.2",
            "resolved": "https://registry.npmjs.org/datatables.net/-/datatables.net-2.2.2.tgz",
            "integrity": "sha512-gfODIKE3gpgbVeZy2QGj2Dq9roO6hy00S+k1knklrqlMyAMrh1wt0Q6ryBUM7gU96U77ysbq8dYhxFdmcC/oPQ==",
            "license": "MIT",
            "dependencies": {
                "jquery": ">=1.7"
            }
        },
        "node_modules/datatables.net-bs4": {
            "version": "2.2.2",
            "resolved": "https://registry.npmjs.org/datatables.net-bs4/-/datatables.net-bs4-2.2.2.tgz",
            "integrity": "sha512-BrG2e4HVgtLydGWXLjnvniNfd4U537KKbRIyfS2PZ+y0pnjA+jIbYynceJWV4xGPA31XhWnqaJumTIfAPUVhxA==",
            "license": "MIT",
            "dependencies": {
                "datatables.net": "2.2.2",
                "jquery": ">=1.7"
            }
        },
        "node_modules/datatables.net-select": {
            "version": "3.0.0",
            "resolved": "https://registry.npmjs.org/datatables.net-select/-/datatables.net-select-3.0.0.tgz",
            "integrity": "sha512-g01Q5ISjiAtoKz/DvOcf3qFqhwRt0mDhy5buivFxEgpiIDOkLFhtvYEjtUctrLX7PT2yVJfsQY5cPFM/5spjKQ==",
            "license": "MIT",
            "dependencies": {
                "datatables.net": "^2",
                "jquery": ">=1.7"
            }
        },
        "node_modules/datatables.net-select-bs4": {
            "resolved": "",
            "link": true
        },
        "node_modules/jquery": {
            "version": "3.7.1",
            "resolved": "https://registry.npmjs.org/jquery/-/jquery-3.7.1.tgz",
            "integrity": "sha512-m4avr8yL8kmFN8psrbFFFmB/If14iN5o9nw/NgnnM+kybDJpRsAynV2BsfpTYrTRysYUdADVD7CkUUizgkpLfg==",
            "license": "MIT"
        }
    }
}
